github.com/pasztorpisti/qs v0.0.0-20171216220353-8d6c33ee906c h1:Gcce/r5tSQeprxswXXOwQ/RBU1bjQWVd9dB7QKoPXBE=
github.com/pasztorpisti/qs v0.0.0-20171216220353-8d6c33ee906c/go.mod h1:1iCZ0433JJMecYqCa+TdWA9Pax8MGl4ByuNDZ7eSnQY=
golang.org/x/exp v0.0.0-20230817173708-d852ddb80c63 h1:m64FZMko/V45gv0bNmrNYoDEq8U5YUhetc9cBWKS1TQ=
golang.org/x/exp v0.0.0-20230817173708-d852ddb80c63/go.mod h1:0v4NqG35kSWCMzLaMeX+IQrlSnVE/bqGSyC2cz/9Le8=
golang.org/x/text v0.12.0 h1:k+n5B8goJNdU7hSvEtMUz3d1Q6D/XW4COJSJR6fN0mc=
golang.org/x/text v0.12.0/go.mod h1:TvPlkZtksWOMsz7fbANvkp4WM8x/WCo/om8BMLbz+aE=
